
Microsoft Visual Studio Solution File, Format Version 11.00
# Visual Web Developer Express 2010
Project("{FAE04EC0-301F-11D3-BF4B-00C04F79EFBC}") = "Org.NerdBeers.Web", "Org.NerdBeers.Web\Org.NerdBeers.Web.csproj", "{4BAB948C-A50B-4503-A883-13D9F5C862A1}"
EndProject
Project("{FAE04EC0-301F-11D3-BF4B-00C04F79EFBC}") = "Org.NerdBeers.Specs", "Org.NerdBeers.Specs\Org.NerdBeers.Specs.csproj", "{7B2F9D36-432F-424E-8109-B94F8F12DD8C}"
EndProject
Global
	GlobalSection(SolutionConfigurationPlatforms) = preSolution
		Debug|Any CPU = Debug|Any CPU
		Release|Any CPU = Release|Any CPU
	EndGlobalSection
	GlobalSection(ProjectConfigurationPlatforms) = postSolution
		{4BAB948C-A50B-4503-A883-13D9F5C862A1}.Debug|Any CPU.ActiveCfg = Debug|Any CPU
		{4BAB948C-A50B-4503-A883-13D9F5C862A1}.Debug|Any CPU.Build.0 = Debug|Any CPU
		{4BAB948C-A50B-4503-A883-13D9F5C862A1}.Release|Any CPU.ActiveCfg = Release|Any CPU
		{4BAB948C-A50B-4503-A883-13D9F5C862A1}.Release|Any CPU.Build.0 = Release|Any CPU
		{7B2F9D36-432F-424E-8109-B94F8F12DD8C}.Debug|Any CPU.ActiveCfg = Debug|Any CPU
		{7B2F9D36-432F-424E-8109-B94F8F12DD8C}.Debug|Any CPU.Build.0 = Debug|Any CPU
		{7B2F9D36-432F-424E-8109-B94F8F12DD8C}.Release|Any CPU.ActiveCfg = Release|Any CPU
		{7B2F9D36-432F-424E-8109-B94F8F12DD8C}.Release|Any CPU.Build.0 = Release|Any CPU
	EndGlobalSection
	GlobalSection(SolutionProperties) = preSolution
		HideSolutionNode = FALSE
	EndGlobalSection
EndGlobal
